
Microsoft Visual Studio Solution File, Format Version 12.00
# Visual Studio Version 16
VisualStudioVersion = 16.0.30330.147
MinimumVisualStudioVersion = 10.0.40219.1
Project("{FAE04EC0-301F-11D3-BF4B-00C04F79EFBC}") = "FiboEven", "FiboEven.csproj", "{58B785D3-C80F-4BC7-BD37-02B5C39B1B85}"
EndProject
Project("{FAE04EC0-301F-11D3-BF4B-00C04F79EFBC}") = "FiboEvenTests", "..\FiboEvenTests\FiboEvenTests.csproj", "{CF7AF840-6903-4A7A-A0A4-FC8D623C37A7}"
EndProject
Global
	GlobalSection(SolutionConfigurationPlatforms) = preSolution
		Debug|Any CPU = Debug|Any CPU
		Release|Any CPU = Release|Any CPU
	EndGlobalSection
	GlobalSection(ProjectConfigurationPlatforms) = postSolution
		{58B785D3-C80F-4BC7-BD37-02B5C39B1B85}.Debug|Any CPU.ActiveCfg = Debug|Any CPU
		{58B785D3-C80F-4BC7-BD37-02B5C39B1B85}.Debug|Any CPU.Build.0 = Debug|Any CPU
		{58B785D3-C80F-4BC7-BD37-02B5C39B1B85}.Release|Any CPU.ActiveCfg = Release|Any CPU
		{58B785D3-C80F-4BC7-BD37-02B5C39B1B85}.Release|Any CPU.Build.0 = Release|Any CPU
		{CF7AF840-6903-4A7A-A0A4-FC8D623C37A7}.Debug|Any CPU.ActiveCfg = Debug|Any CPU
		{CF7AF840-6903-4A7A-A0A4-FC8D623C37A7}.Debug|Any CPU.Build.0 = Debug|Any CPU
		{CF7AF840-6903-4A7A-A0A4-FC8D623C37A7}.Release|Any CPU.ActiveCfg = Release|Any CPU
		{CF7AF840-6903-4A7A-A0A4-FC8D623C37A7}.Release|Any CPU.Build.0 = Release|Any CPU
	EndGlobalSection
	GlobalSection(SolutionProperties) = preSolution
		HideSolutionNode = FALSE
	EndGlobalSection
	GlobalSection(ExtensibilityGlobals) = postSolution
		SolutionGuid = {0BF101AC-8239-416C-8800-02E8D2F19247}
	EndGlobalSection
EndGlobal
